
Microsoft Visual Studio Solution File, Format Version 12.00
# Visual Studio 2013
VisualStudioVersion = 12.0.31101.0
MinimumVisualStudioVersion = 10.0.40219.1
Project("{2150E333-8FDC-42A3-9474-1A3956D46DE8}") = "Engine", "Engine", "{34F9C107-7344-414A-9EB1-A5CA64FD0540}"
EndProject
Project("{2150E333-8FDC-42A3-9474-1A3956D46DE8}") = "Games", "Games", "{736AC61A-696E-4989-A769-2F99AF0E6643}"
EndProject
Project("{8BC9CEB8-8B4A-11D0-8D11-00A0C91BC942}") = "UE4", "Intermediate\ProjectFiles\UE4.vcxproj", "{8C9CEAD0-2D7E-44BB-ADBB-DCC87CAA8679}"
EndProject
Project("{8BC9CEB8-8B4A-11D0-8D11-00A0C91BC942}") = "CosmicSafari", "Intermediate\ProjectFiles\CosmicSafari.vcxproj", "{94AEE21B-FD5E-4EBE-B99B-964ACE456924}"
EndProject
Project("{2150E333-8FDC-42A3-9474-1A3956D46DE8}") = "Solution Items", "Solution Items", "{C2E6CD0C-3609-42A9-91E6-E958ADC1C244}"
	ProjectSection(SolutionItems) = preProject
		..\..\..\GitHub\UnrealEngine\Engine\Source\Programs\UnrealBuildTool\System\UnrealBuildTool.cs = ..\..\..\GitHub\UnrealEngine\Engine\Source\Programs\UnrealBuildTool\System\UnrealBuildTool.cs
	EndProjectSection
EndProject
Global
	GlobalSection(SolutionConfigurationPlatforms) = preSolution
		DebugGame Editor|Win32 = DebugGame Editor|Win32
		DebugGame Editor|Win64 = DebugGame Editor|Win64
		DebugGame|Win32 = DebugGame|Win32
		DebugGame|Win64 = DebugGame|Win64
		Development Editor|Win32 = Development Editor|Win32
		Development Editor|Win64 = Development Editor|Win64
		Development|Win32 = Development|Win32
		Development|Win64 = Development|Win64
		Shipping|Win32 = Shipping|Win32
		Shipping|Win64 = Shipping|Win64
	EndGlobalSection
	GlobalSection(ProjectConfigurationPlatforms) = postSolution
		{8C9CEAD0-2D7E-44BB-ADBB-DCC87CAA8679}.DebugGame Editor|Win32.ActiveCfg = BuiltWithUnrealBuildTool|Win32
		{8C9CEAD0-2D7E-44BB-ADBB-DCC87CAA8679}.DebugGame Editor|Win32.Build.0 = BuiltWithUnrealBuildTool|Win32
		{8C9CEAD0-2D7E-44BB-ADBB-DCC87CAA8679}.DebugGame Editor|Win64.ActiveCfg = BuiltWithUnrealBuildTool|Win32
		{8C9CEAD0-2D7E-44BB-ADBB-DCC87CAA8679}.DebugGame|Win32.ActiveCfg = BuiltWithUnrealBuildTool|Win32
		{8C9CEAD0-2D7E-44BB-ADBB-DCC87CAA8679}.DebugGame|Win32.Build.0 = BuiltWithUnrealBuildTool|Win32
		{8C9CEAD0-2D7E-44BB-ADBB-DCC87CAA8679}.DebugGame|Win64.ActiveCfg = BuiltWithUnrealBuildTool|Win32
		{8C9CEAD0-2D7E-44BB-ADBB-DCC87CAA8679}.Development Editor|Win32.ActiveCfg = BuiltWithUnrealBuildTool|Win32
		{8C9CEAD0-2D7E-44BB-ADBB-DCC87CAA8679}.Development Editor|Win32.Build.0 = BuiltWithUnrealBuildTool|Win32
		{8C9CEAD0-2D7E-44BB-ADBB-DCC87CAA8679}.Development Editor|Win64.ActiveCfg = BuiltWithUnrealBuildTool|Win32
		{8C9CEAD0-2D7E-44BB-ADBB-DCC87CAA8679}.Development|Win32.ActiveCfg = BuiltWithUnrealBuildTool|Win32
		{8C9CEAD0-2D7E-44BB-ADBB-DCC87CAA8679}.Development|Win32.Build.0 = BuiltWithUnrealBuildTool|Win32
		{8C9CEAD0-2D7E-44BB-ADBB-DCC87CAA8679}.Development|Win64.ActiveCfg = BuiltWithUnrealBuildTool|Win32
		{8C9CEAD0-2D7E-44BB-ADBB-DCC87CAA8679}.Shipping|Win32.ActiveCfg = BuiltWithUnrealBuildTool|Win32
		{8C9CEAD0-2D7E-44BB-ADBB-DCC87CAA8679}.Shipping|Win32.Build.0 = BuiltWithUnrealBuildTool|Win32
		{8C9CEAD0-2D7E-44BB-ADBB-DCC87CAA8679}.Shipping|Win64.ActiveCfg = BuiltWithUnrealBuildTool|Win32
		{94AEE21B-FD5E-4EBE-B99B-964ACE456924}.DebugGame Editor|Win32.ActiveCfg = DebugGame_Editor|Win32
		{94AEE21B-FD5E-4EBE-B99B-964ACE456924}.DebugGame Editor|Win32.Build.0 = DebugGame_Editor|Win32
		{94AEE21B-FD5E-4EBE-B99B-964ACE456924}.DebugGame Editor|Win64.ActiveCfg = DebugGame_Editor|x64
		{94AEE21B-FD5E-4EBE-B99B-964ACE456924}.DebugGame Editor|Win64.Build.0 = DebugGame_Editor|x64
		{94AEE21B-FD5E-4EBE-B99B-964ACE456924}.DebugGame|Win32.ActiveCfg = DebugGame_Game|Win32
		{94AEE21B-FD5E-4EBE-B99B-964ACE456924}.DebugGame|Win32.Build.0 = DebugGame_Game|Win32
		{94AEE21B-FD5E-4EBE-B99B-964ACE456924}.DebugGame|Win64.ActiveCfg = DebugGame_Game|x64
		{94AEE21B-FD5E-4EBE-B99B-964ACE456924}.DebugGame|Win64.Build.0 = DebugGame_Game|x64
		{94AEE21B-FD5E-4EBE-B99B-964ACE456924}.Development Editor|Win32.ActiveCfg = Development_Editor|Win32
		{94AEE21B-FD5E-4EBE-B99B-964ACE456924}.Development Editor|Win32.Build.0 = Development_Editor|Win32
		{94AEE21B-FD5E-4EBE-B99B-964ACE456924}.Development Editor|Win64.ActiveCfg = Development_Editor|x64
		{94AEE21B-FD5E-4EBE-B99B-964ACE456924}.Development Editor|Win64.Build.0 = Development_Editor|x64
		{94AEE21B-FD5E-4EBE-B99B-964ACE456924}.Development|Win32.ActiveCfg = Development_Game|Win32
		{94AEE21B-FD5E-4EBE-B99B-964ACE456924}.Development|Win32.Build.0 = Development_Game|Win32
		{94AEE21B-FD5E-4EBE-B99B-964ACE456924}.Development|Win64.ActiveCfg = Development_Game|x64
		{94AEE21B-FD5E-4EBE-B99B-964ACE456924}.Development|Win64.Build.0 = Development_Game|x64
		{94AEE21B-FD5E-4EBE-B99B-964ACE456924}.Shipping|Win32.ActiveCfg = Shipping_Game|Win32
		{94AEE21B-FD5E-4EBE-B99B-964ACE456924}.Shipping|Win32.Build.0 = Shipping_Game|Win32
		{94AEE21B-FD5E-4EBE-B99B-964ACE456924}.Shipping|Win64.ActiveCfg = Shipping_Game|x64
		{94AEE21B-FD5E-4EBE-B99B-964ACE456924}.Shipping|Win64.Build.0 = Shipping_Game|x64
	EndGlobalSection
	GlobalSection(SolutionProperties) = preSolution
		HideSolutionNode = FALSE
	EndGlobalSection
	GlobalSection(NestedProjects) = preSolution
		{8C9CEAD0-2D7E-44BB-ADBB-DCC87CAA8679} = {34F9C107-7344-414A-9EB1-A5CA64FD0540}
		{94AEE21B-FD5E-4EBE-B99B-964ACE456924} = {736AC61A-696E-4989-A769-2F99AF0E6643}
	EndGlobalSection
EndGlobal
