
Microsoft Visual Studio Solution File, Format Version 12.00
# Visual Studio 2013
VisualStudioVersion = 12.0.31101.0
MinimumVisualStudioVersion = 10.0.40219.1
Project("{2150E333-8FDC-42A3-9474-1A3956D46DE8}") = "Engine", "Engine", "{DE8EE12C-1BB3-4809-839B-D66007258B5C}"
EndProject
Project("{2150E333-8FDC-42A3-9474-1A3956D46DE8}") = "Games", "Games", "{49597DA4-E900-484F-831C-B13E8360D452}"
EndProject
Project("{8BC9CEB8-8B4A-11D0-8D11-00A0C91BC942}") = "UE4", "Intermediate\ProjectFiles\UE4.vcxproj", "{460F6D3D-2BBA-4EFA-96DE-89B5F4C4C1C1}"
EndProject
Project("{8BC9CEB8-8B4A-11D0-8D11-00A0C91BC942}") = "CosmicSafari", "Intermediate\ProjectFiles\CosmicSafari.vcxproj", "{23E796E6-484A-465E-A924-BB18DA84D44F}"
EndProject
Project("{2150E333-8FDC-42A3-9474-1A3956D46DE8}") = "Tools", "Tools", "{D189B2E7-54A8-445D-9C0B-6990D576D945}"
EndProject
Project("{8BC9CEB8-8B4A-11D0-8D11-00A0C91BC942}") = "LibNoise", "Source\ThirdParty\LibNoise\LibNoise.vcxproj", "{A1400C34-8DD2-4C9C-968D-6C4372722F91}"
EndProject
Project("{8BC9CEB8-8B4A-11D0-8D11-00A0C91BC942}") = "openvdb", "Source\ThirdParty\OpenVDB\openvdb.vcxproj", "{EEFF6F37-B361-41BD-9F7D-745C20EA4C90}"
EndProject
Project("{8BC9CEB8-8B4A-11D0-8D11-00A0C91BC942}") = "libovdb", "Source\ThirdParty\OpenVDB\libovdb\libovdb.vcxproj", "{138186A8-91EC-4F94-9475-E753F5CF06B1}"
EndProject
Global
	GlobalSection(SolutionConfigurationPlatforms) = preSolution
		Debug|Mixed Platforms = Debug|Mixed Platforms
		Debug|Win32 = Debug|Win32
		Debug|Win64 = Debug|Win64
		Debug|x64 = Debug|x64
		DebugGame Editor|Mixed Platforms = DebugGame Editor|Mixed Platforms
		DebugGame Editor|Win32 = DebugGame Editor|Win32
		DebugGame Editor|Win64 = DebugGame Editor|Win64
		DebugGame Editor|x64 = DebugGame Editor|x64
		DebugGame|Mixed Platforms = DebugGame|Mixed Platforms
		DebugGame|Win32 = DebugGame|Win32
		DebugGame|Win64 = DebugGame|Win64
		DebugGame|x64 = DebugGame|x64
		Development Editor|Mixed Platforms = Development Editor|Mixed Platforms
		Development Editor|Win32 = Development Editor|Win32
		Development Editor|Win64 = Development Editor|Win64
		Development Editor|x64 = Development Editor|x64
		Development|Mixed Platforms = Development|Mixed Platforms
		Development|Win32 = Development|Win32
		Development|Win64 = Development|Win64
		Development|x64 = Development|x64
		Release|Mixed Platforms = Release|Mixed Platforms
		Release|Win32 = Release|Win32
		Release|Win64 = Release|Win64
		Release|x64 = Release|x64
		Shipping|Mixed Platforms = Shipping|Mixed Platforms
		Shipping|Win32 = Shipping|Win32
		Shipping|Win64 = Shipping|Win64
		Shipping|x64 = Shipping|x64
	EndGlobalSection
	GlobalSection(ProjectConfigurationPlatforms) = postSolution
		{460F6D3D-2BBA-4EFA-96DE-89B5F4C4C1C1}.Debug|Mixed Platforms.ActiveCfg = BuiltWithUnrealBuildTool|Win32
		{460F6D3D-2BBA-4EFA-96DE-89B5F4C4C1C1}.Debug|Mixed Platforms.Build.0 = BuiltWithUnrealBuildTool|Win32
		{460F6D3D-2BBA-4EFA-96DE-89B5F4C4C1C1}.Debug|Win32.ActiveCfg = BuiltWithUnrealBuildTool|Win32
		{460F6D3D-2BBA-4EFA-96DE-89B5F4C4C1C1}.Debug|Win32.Build.0 = BuiltWithUnrealBuildTool|Win32
		{460F6D3D-2BBA-4EFA-96DE-89B5F4C4C1C1}.Debug|Win64.ActiveCfg = BuiltWithUnrealBuildTool|Win32
		{460F6D3D-2BBA-4EFA-96DE-89B5F4C4C1C1}.Debug|x64.ActiveCfg = BuiltWithUnrealBuildTool|Win32
		{460F6D3D-2BBA-4EFA-96DE-89B5F4C4C1C1}.DebugGame Editor|Mixed Platforms.ActiveCfg = BuiltWithUnrealBuildTool|Win32
		{460F6D3D-2BBA-4EFA-96DE-89B5F4C4C1C1}.DebugGame Editor|Mixed Platforms.Build.0 = BuiltWithUnrealBuildTool|Win32
		{460F6D3D-2BBA-4EFA-96DE-89B5F4C4C1C1}.DebugGame Editor|Win32.ActiveCfg = BuiltWithUnrealBuildTool|Win32
		{460F6D3D-2BBA-4EFA-96DE-89B5F4C4C1C1}.DebugGame Editor|Win32.Build.0 = BuiltWithUnrealBuildTool|Win32
		{460F6D3D-2BBA-4EFA-96DE-89B5F4C4C1C1}.DebugGame Editor|Win64.ActiveCfg = BuiltWithUnrealBuildTool|Win32
		{460F6D3D-2BBA-4EFA-96DE-89B5F4C4C1C1}.DebugGame Editor|x64.ActiveCfg = BuiltWithUnrealBuildTool|Win32
		{460F6D3D-2BBA-4EFA-96DE-89B5F4C4C1C1}.DebugGame|Mixed Platforms.ActiveCfg = BuiltWithUnrealBuildTool|Win32
		{460F6D3D-2BBA-4EFA-96DE-89B5F4C4C1C1}.DebugGame|Mixed Platforms.Build.0 = BuiltWithUnrealBuildTool|Win32
		{460F6D3D-2BBA-4EFA-96DE-89B5F4C4C1C1}.DebugGame|Win32.ActiveCfg = BuiltWithUnrealBuildTool|Win32
		{460F6D3D-2BBA-4EFA-96DE-89B5F4C4C1C1}.DebugGame|Win32.Build.0 = BuiltWithUnrealBuildTool|Win32
		{460F6D3D-2BBA-4EFA-96DE-89B5F4C4C1C1}.DebugGame|Win64.ActiveCfg = BuiltWithUnrealBuildTool|Win32
		{460F6D3D-2BBA-4EFA-96DE-89B5F4C4C1C1}.DebugGame|x64.ActiveCfg = BuiltWithUnrealBuildTool|Win32
		{460F6D3D-2BBA-4EFA-96DE-89B5F4C4C1C1}.Development Editor|Mixed Platforms.ActiveCfg = BuiltWithUnrealBuildTool|Win32
		{460F6D3D-2BBA-4EFA-96DE-89B5F4C4C1C1}.Development Editor|Mixed Platforms.Build.0 = BuiltWithUnrealBuildTool|Win32
		{460F6D3D-2BBA-4EFA-96DE-89B5F4C4C1C1}.Development Editor|Win32.ActiveCfg = BuiltWithUnrealBuildTool|Win32
		{460F6D3D-2BBA-4EFA-96DE-89B5F4C4C1C1}.Development Editor|Win32.Build.0 = BuiltWithUnrealBuildTool|Win32
		{460F6D3D-2BBA-4EFA-96DE-89B5F4C4C1C1}.Development Editor|Win64.ActiveCfg = BuiltWithUnrealBuildTool|Win32
		{460F6D3D-2BBA-4EFA-96DE-89B5F4C4C1C1}.Development Editor|x64.ActiveCfg = BuiltWithUnrealBuildTool|Win32
		{460F6D3D-2BBA-4EFA-96DE-89B5F4C4C1C1}.Development|Mixed Platforms.ActiveCfg = BuiltWithUnrealBuildTool|Win32
		{460F6D3D-2BBA-4EFA-96DE-89B5F4C4C1C1}.Development|Mixed Platforms.Build.0 = BuiltWithUnrealBuildTool|Win32
		{460F6D3D-2BBA-4EFA-96DE-89B5F4C4C1C1}.Development|Win32.ActiveCfg = BuiltWithUnrealBuildTool|Win32
		{460F6D3D-2BBA-4EFA-96DE-89B5F4C4C1C1}.Development|Win32.Build.0 = BuiltWithUnrealBuildTool|Win32
		{460F6D3D-2BBA-4EFA-96DE-89B5F4C4C1C1}.Development|Win64.ActiveCfg = BuiltWithUnrealBuildTool|Win32
		{460F6D3D-2BBA-4EFA-96DE-89B5F4C4C1C1}.Development|x64.ActiveCfg = BuiltWithUnrealBuildTool|Win32
		{460F6D3D-2BBA-4EFA-96DE-89B5F4C4C1C1}.Release|Mixed Platforms.ActiveCfg = BuiltWithUnrealBuildTool|Win32
		{460F6D3D-2BBA-4EFA-96DE-89B5F4C4C1C1}.Release|Mixed Platforms.Build.0 = BuiltWithUnrealBuildTool|Win32
		{460F6D3D-2BBA-4EFA-96DE-89B5F4C4C1C1}.Release|Win32.ActiveCfg = BuiltWithUnrealBuildTool|Win32
		{460F6D3D-2BBA-4EFA-96DE-89B5F4C4C1C1}.Release|Win32.Build.0 = BuiltWithUnrealBuildTool|Win32
		{460F6D3D-2BBA-4EFA-96DE-89B5F4C4C1C1}.Release|Win64.ActiveCfg = BuiltWithUnrealBuildTool|Win32
		{460F6D3D-2BBA-4EFA-96DE-89B5F4C4C1C1}.Release|x64.ActiveCfg = BuiltWithUnrealBuildTool|Win32
		{460F6D3D-2BBA-4EFA-96DE-89B5F4C4C1C1}.Shipping|Mixed Platforms.ActiveCfg = BuiltWithUnrealBuildTool|Win32
		{460F6D3D-2BBA-4EFA-96DE-89B5F4C4C1C1}.Shipping|Mixed Platforms.Build.0 = BuiltWithUnrealBuildTool|Win32
		{460F6D3D-2BBA-4EFA-96DE-89B5F4C4C1C1}.Shipping|Win32.ActiveCfg = BuiltWithUnrealBuildTool|Win32
		{460F6D3D-2BBA-4EFA-96DE-89B5F4C4C1C1}.Shipping|Win32.Build.0 = BuiltWithUnrealBuildTool|Win32
		{460F6D3D-2BBA-4EFA-96DE-89B5F4C4C1C1}.Shipping|Win64.ActiveCfg = BuiltWithUnrealBuildTool|Win32
		{460F6D3D-2BBA-4EFA-96DE-89B5F4C4C1C1}.Shipping|x64.ActiveCfg = BuiltWithUnrealBuildTool|Win32
		{23E796E6-484A-465E-A924-BB18DA84D44F}.Debug|Mixed Platforms.ActiveCfg = DebugGame_Game|Win32
		{23E796E6-484A-465E-A924-BB18DA84D44F}.Debug|Mixed Platforms.Build.0 = DebugGame_Game|Win32
		{23E796E6-484A-465E-A924-BB18DA84D44F}.Debug|Win32.ActiveCfg = DebugGame_Game|Win32
		{23E796E6-484A-465E-A924-BB18DA84D44F}.Debug|Win32.Build.0 = DebugGame_Game|Win32
		{23E796E6-484A-465E-A924-BB18DA84D44F}.Debug|Win64.ActiveCfg = DebugGame_Game|Win32
		{23E796E6-484A-465E-A924-BB18DA84D44F}.Debug|x64.ActiveCfg = DebugGame_Game|x64
		{23E796E6-484A-465E-A924-BB18DA84D44F}.Debug|x64.Build.0 = DebugGame_Game|x64
		{23E796E6-484A-465E-A924-BB18DA84D44F}.DebugGame Editor|Mixed Platforms.ActiveCfg = DebugGame_Game|Win32
		{23E796E6-484A-465E-A924-BB18DA84D44F}.DebugGame Editor|Mixed Platforms.Build.0 = DebugGame_Game|Win32
		{23E796E6-484A-465E-A924-BB18DA84D44F}.DebugGame Editor|Win32.ActiveCfg = DebugGame_Editor|Win32
		{23E796E6-484A-465E-A924-BB18DA84D44F}.DebugGame Editor|Win32.Build.0 = DebugGame_Editor|Win32
		{23E796E6-484A-465E-A924-BB18DA84D44F}.DebugGame Editor|Win64.ActiveCfg = DebugGame_Editor|x64
		{23E796E6-484A-465E-A924-BB18DA84D44F}.DebugGame Editor|Win64.Build.0 = DebugGame_Editor|x64
		{23E796E6-484A-465E-A924-BB18DA84D44F}.DebugGame Editor|x64.ActiveCfg = DebugGame_Game|x64
		{23E796E6-484A-465E-A924-BB18DA84D44F}.DebugGame Editor|x64.Build.0 = DebugGame_Game|x64
		{23E796E6-484A-465E-A924-BB18DA84D44F}.DebugGame|Mixed Platforms.ActiveCfg = DebugGame_Game|Win32
		{23E796E6-484A-465E-A924-BB18DA84D44F}.DebugGame|Mixed Platforms.Build.0 = DebugGame_Game|Win32
		{23E796E6-484A-465E-A924-BB18DA84D44F}.DebugGame|Win32.ActiveCfg = DebugGame_Game|Win32
		{23E796E6-484A-465E-A924-BB18DA84D44F}.DebugGame|Win32.Build.0 = DebugGame_Game|Win32
		{23E796E6-484A-465E-A924-BB18DA84D44F}.DebugGame|Win64.ActiveCfg = DebugGame_Game|x64
		{23E796E6-484A-465E-A924-BB18DA84D44F}.DebugGame|Win64.Build.0 = DebugGame_Game|x64
		{23E796E6-484A-465E-A924-BB18DA84D44F}.DebugGame|x64.ActiveCfg = DebugGame_Game|x64
		{23E796E6-484A-465E-A924-BB18DA84D44F}.DebugGame|x64.Build.0 = DebugGame_Game|x64
		{23E796E6-484A-465E-A924-BB18DA84D44F}.Development Editor|Mixed Platforms.ActiveCfg = Development_Game|Win32
		{23E796E6-484A-465E-A924-BB18DA84D44F}.Development Editor|Mixed Platforms.Build.0 = Development_Game|Win32
		{23E796E6-484A-465E-A924-BB18DA84D44F}.Development Editor|Win32.ActiveCfg = Development_Editor|Win32
		{23E796E6-484A-465E-A924-BB18DA84D44F}.Development Editor|Win32.Build.0 = Development_Editor|Win32
		{23E796E6-484A-465E-A924-BB18DA84D44F}.Development Editor|Win64.ActiveCfg = Development_Editor|x64
		{23E796E6-484A-465E-A924-BB18DA84D44F}.Development Editor|Win64.Build.0 = Development_Editor|x64
		{23E796E6-484A-465E-A924-BB18DA84D44F}.Development Editor|x64.ActiveCfg = Development_Game|x64
		{23E796E6-484A-465E-A924-BB18DA84D44F}.Development Editor|x64.Build.0 = Development_Game|x64
		{23E796E6-484A-465E-A924-BB18DA84D44F}.Development|Mixed Platforms.ActiveCfg = Development_Game|Win32
		{23E796E6-484A-465E-A924-BB18DA84D44F}.Development|Mixed Platforms.Build.0 = Development_Game|Win32
		{23E796E6-484A-465E-A924-BB18DA84D44F}.Development|Win32.ActiveCfg = Development_Game|Win32
		{23E796E6-484A-465E-A924-BB18DA84D44F}.Development|Win32.Build.0 = Development_Game|Win32
		{23E796E6-484A-465E-A924-BB18DA84D44F}.Development|Win64.ActiveCfg = Development_Game|x64
		{23E796E6-484A-465E-A924-BB18DA84D44F}.Development|Win64.Build.0 = Development_Game|x64
		{23E796E6-484A-465E-A924-BB18DA84D44F}.Development|x64.ActiveCfg = Development_Game|x64
		{23E796E6-484A-465E-A924-BB18DA84D44F}.Development|x64.Build.0 = Development_Game|x64
		{23E796E6-484A-465E-A924-BB18DA84D44F}.Release|Mixed Platforms.ActiveCfg = Shipping_Game|Win32
		{23E796E6-484A-465E-A924-BB18DA84D44F}.Release|Mixed Platforms.Build.0 = Shipping_Game|Win32
		{23E796E6-484A-465E-A924-BB18DA84D44F}.Release|Win32.ActiveCfg = Shipping_Game|Win32
		{23E796E6-484A-465E-A924-BB18DA84D44F}.Release|Win32.Build.0 = Shipping_Game|Win32
		{23E796E6-484A-465E-A924-BB18DA84D44F}.Release|Win64.ActiveCfg = Shipping_Game|Win32
		{23E796E6-484A-465E-A924-BB18DA84D44F}.Release|x64.ActiveCfg = Shipping_Game|x64
		{23E796E6-484A-465E-A924-BB18DA84D44F}.Release|x64.Build.0 = Shipping_Game|x64
		{23E796E6-484A-465E-A924-BB18DA84D44F}.Shipping|Mixed Platforms.ActiveCfg = Shipping_Game|Win32
		{23E796E6-484A-465E-A924-BB18DA84D44F}.Shipping|Mixed Platforms.Build.0 = Shipping_Game|Win32
		{23E796E6-484A-465E-A924-BB18DA84D44F}.Shipping|Win32.ActiveCfg = Shipping_Game|Win32
		{23E796E6-484A-465E-A924-BB18DA84D44F}.Shipping|Win32.Build.0 = Shipping_Game|Win32
		{23E796E6-484A-465E-A924-BB18DA84D44F}.Shipping|Win64.ActiveCfg = Shipping_Game|x64
		{23E796E6-484A-465E-A924-BB18DA84D44F}.Shipping|Win64.Build.0 = Shipping_Game|x64
		{23E796E6-484A-465E-A924-BB18DA84D44F}.Shipping|x64.ActiveCfg = Shipping_Game|x64
		{23E796E6-484A-465E-A924-BB18DA84D44F}.Shipping|x64.Build.0 = Shipping_Game|x64
		{A1400C34-8DD2-4C9C-968D-6C4372722F91}.Debug|Mixed Platforms.ActiveCfg = Debug|Win32
		{A1400C34-8DD2-4C9C-968D-6C4372722F91}.Debug|Mixed Platforms.Build.0 = Debug|Win32
		{A1400C34-8DD2-4C9C-968D-6C4372722F91}.Debug|Win32.ActiveCfg = Debug|Win32
		{A1400C34-8DD2-4C9C-968D-6C4372722F91}.Debug|Win32.Build.0 = Debug|Win32
		{A1400C34-8DD2-4C9C-968D-6C4372722F91}.Debug|Win64.ActiveCfg = Debug|Win32
		{A1400C34-8DD2-4C9C-968D-6C4372722F91}.Debug|x64.ActiveCfg = Debug|x64
		{A1400C34-8DD2-4C9C-968D-6C4372722F91}.Debug|x64.Build.0 = Debug|x64
		{A1400C34-8DD2-4C9C-968D-6C4372722F91}.DebugGame Editor|Mixed Platforms.ActiveCfg = Debug|Win32
		{A1400C34-8DD2-4C9C-968D-6C4372722F91}.DebugGame Editor|Mixed Platforms.Build.0 = Debug|Win32
		{A1400C34-8DD2-4C9C-968D-6C4372722F91}.DebugGame Editor|Win32.ActiveCfg = Debug|Win32
		{A1400C34-8DD2-4C9C-968D-6C4372722F91}.DebugGame Editor|Win32.Build.0 = Debug|Win32
		{A1400C34-8DD2-4C9C-968D-6C4372722F91}.DebugGame Editor|Win64.ActiveCfg = Debug|Win32
		{A1400C34-8DD2-4C9C-968D-6C4372722F91}.DebugGame Editor|x64.ActiveCfg = Debug|x64
		{A1400C34-8DD2-4C9C-968D-6C4372722F91}.DebugGame Editor|x64.Build.0 = Debug|x64
		{A1400C34-8DD2-4C9C-968D-6C4372722F91}.DebugGame|Mixed Platforms.ActiveCfg = Debug|Win32
		{A1400C34-8DD2-4C9C-968D-6C4372722F91}.DebugGame|Mixed Platforms.Build.0 = Debug|Win32
		{A1400C34-8DD2-4C9C-968D-6C4372722F91}.DebugGame|Win32.ActiveCfg = Debug|Win32
		{A1400C34-8DD2-4C9C-968D-6C4372722F91}.DebugGame|Win32.Build.0 = Debug|Win32
		{A1400C34-8DD2-4C9C-968D-6C4372722F91}.DebugGame|Win64.ActiveCfg = Debug|Win32
		{A1400C34-8DD2-4C9C-968D-6C4372722F91}.DebugGame|x64.ActiveCfg = Debug|x64
		{A1400C34-8DD2-4C9C-968D-6C4372722F91}.DebugGame|x64.Build.0 = Debug|x64
		{A1400C34-8DD2-4C9C-968D-6C4372722F91}.Development Editor|Mixed Platforms.ActiveCfg = Debug|Win32
		{A1400C34-8DD2-4C9C-968D-6C4372722F91}.Development Editor|Mixed Platforms.Build.0 = Debug|Win32
		{A1400C34-8DD2-4C9C-968D-6C4372722F91}.Development Editor|Win32.ActiveCfg = Debug|Win32
		{A1400C34-8DD2-4C9C-968D-6C4372722F91}.Development Editor|Win32.Build.0 = Debug|Win32
		{A1400C34-8DD2-4C9C-968D-6C4372722F91}.Development Editor|Win64.ActiveCfg = Debug|Win32
		{A1400C34-8DD2-4C9C-968D-6C4372722F91}.Development Editor|x64.ActiveCfg = Debug|x64
		{A1400C34-8DD2-4C9C-968D-6C4372722F91}.Development Editor|x64.Build.0 = Debug|x64
		{A1400C34-8DD2-4C9C-968D-6C4372722F91}.Development|Mixed Platforms.ActiveCfg = Debug|Win32
		{A1400C34-8DD2-4C9C-968D-6C4372722F91}.Development|Mixed Platforms.Build.0 = Debug|Win32
		{A1400C34-8DD2-4C9C-968D-6C4372722F91}.Development|Win32.ActiveCfg = Debug|Win32
		{A1400C34-8DD2-4C9C-968D-6C4372722F91}.Development|Win32.Build.0 = Debug|Win32
		{A1400C34-8DD2-4C9C-968D-6C4372722F91}.Development|Win64.ActiveCfg = Debug|x64
		{A1400C34-8DD2-4C9C-968D-6C4372722F91}.Development|Win64.Build.0 = Debug|x64
		{A1400C34-8DD2-4C9C-968D-6C4372722F91}.Development|x64.ActiveCfg = Debug|x64
		{A1400C34-8DD2-4C9C-968D-6C4372722F91}.Development|x64.Build.0 = Debug|x64
		{A1400C34-8DD2-4C9C-968D-6C4372722F91}.Release|Mixed Platforms.ActiveCfg = Release|Win32
		{A1400C34-8DD2-4C9C-968D-6C4372722F91}.Release|Mixed Platforms.Build.0 = Release|Win32
		{A1400C34-8DD2-4C9C-968D-6C4372722F91}.Release|Win32.ActiveCfg = Release|Win32
		{A1400C34-8DD2-4C9C-968D-6C4372722F91}.Release|Win32.Build.0 = Release|Win32
		{A1400C34-8DD2-4C9C-968D-6C4372722F91}.Release|Win64.ActiveCfg = Release|Win32
		{A1400C34-8DD2-4C9C-968D-6C4372722F91}.Release|x64.ActiveCfg = Release|x64
		{A1400C34-8DD2-4C9C-968D-6C4372722F91}.Release|x64.Build.0 = Release|x64
		{A1400C34-8DD2-4C9C-968D-6C4372722F91}.Shipping|Mixed Platforms.ActiveCfg = Release|Win32
		{A1400C34-8DD2-4C9C-968D-6C4372722F91}.Shipping|Mixed Platforms.Build.0 = Release|Win32
		{A1400C34-8DD2-4C9C-968D-6C4372722F91}.Shipping|Win32.ActiveCfg = Release|Win32
		{A1400C34-8DD2-4C9C-968D-6C4372722F91}.Shipping|Win32.Build.0 = Release|Win32
		{A1400C34-8DD2-4C9C-968D-6C4372722F91}.Shipping|Win64.ActiveCfg = Release|Win32
		{A1400C34-8DD2-4C9C-968D-6C4372722F91}.Shipping|x64.ActiveCfg = Release|x64
		{A1400C34-8DD2-4C9C-968D-6C4372722F91}.Shipping|x64.Build.0 = Release|x64
		{EEFF6F37-B361-41BD-9F7D-745C20EA4C90}.Debug|Mixed Platforms.ActiveCfg = Debug|Win32
		{EEFF6F37-B361-41BD-9F7D-745C20EA4C90}.Debug|Mixed Platforms.Build.0 = Debug|Win32
		{EEFF6F37-B361-41BD-9F7D-745C20EA4C90}.Debug|Win32.ActiveCfg = Debug|Win32
		{EEFF6F37-B361-41BD-9F7D-745C20EA4C90}.Debug|Win32.Build.0 = Debug|Win32
		{EEFF6F37-B361-41BD-9F7D-745C20EA4C90}.Debug|Win64.ActiveCfg = Debug|Win32
		{EEFF6F37-B361-41BD-9F7D-745C20EA4C90}.Debug|x64.ActiveCfg = Debug|x64
		{EEFF6F37-B361-41BD-9F7D-745C20EA4C90}.Debug|x64.Build.0 = Debug|x64
		{EEFF6F37-B361-41BD-9F7D-745C20EA4C90}.DebugGame Editor|Mixed Platforms.ActiveCfg = Debug|Win32
		{EEFF6F37-B361-41BD-9F7D-745C20EA4C90}.DebugGame Editor|Mixed Platforms.Build.0 = Debug|Win32
		{EEFF6F37-B361-41BD-9F7D-745C20EA4C90}.DebugGame Editor|Win32.ActiveCfg = Debug|Win32
		{EEFF6F37-B361-41BD-9F7D-745C20EA4C90}.DebugGame Editor|Win32.Build.0 = Debug|Win32
		{EEFF6F37-B361-41BD-9F7D-745C20EA4C90}.DebugGame Editor|Win64.ActiveCfg = Debug|Win32
		{EEFF6F37-B361-41BD-9F7D-745C20EA4C90}.DebugGame Editor|x64.ActiveCfg = Debug|x64
		{EEFF6F37-B361-41BD-9F7D-745C20EA4C90}.DebugGame Editor|x64.Build.0 = Debug|x64
		{EEFF6F37-B361-41BD-9F7D-745C20EA4C90}.DebugGame|Mixed Platforms.ActiveCfg = Debug|Win32
		{EEFF6F37-B361-41BD-9F7D-745C20EA4C90}.DebugGame|Mixed Platforms.Build.0 = Debug|Win32
		{EEFF6F37-B361-41BD-9F7D-745C20EA4C90}.DebugGame|Win32.ActiveCfg = Debug|Win32
		{EEFF6F37-B361-41BD-9F7D-745C20EA4C90}.DebugGame|Win32.Build.0 = Debug|Win32
		{EEFF6F37-B361-41BD-9F7D-745C20EA4C90}.DebugGame|Win64.ActiveCfg = Debug|Win32
		{EEFF6F37-B361-41BD-9F7D-745C20EA4C90}.DebugGame|x64.ActiveCfg = Debug|x64
		{EEFF6F37-B361-41BD-9F7D-745C20EA4C90}.DebugGame|x64.Build.0 = Debug|x64
		{EEFF6F37-B361-41BD-9F7D-745C20EA4C90}.Development Editor|Mixed Platforms.ActiveCfg = Debug|Win32
		{EEFF6F37-B361-41BD-9F7D-745C20EA4C90}.Development Editor|Mixed Platforms.Build.0 = Debug|Win32
		{EEFF6F37-B361-41BD-9F7D-745C20EA4C90}.Development Editor|Win32.ActiveCfg = Debug|Win32
		{EEFF6F37-B361-41BD-9F7D-745C20EA4C90}.Development Editor|Win32.Build.0 = Debug|Win32
		{EEFF6F37-B361-41BD-9F7D-745C20EA4C90}.Development Editor|Win64.ActiveCfg = Debug|Win32
		{EEFF6F37-B361-41BD-9F7D-745C20EA4C90}.Development Editor|x64.ActiveCfg = Debug|x64
		{EEFF6F37-B361-41BD-9F7D-745C20EA4C90}.Development Editor|x64.Build.0 = Debug|x64
		{EEFF6F37-B361-41BD-9F7D-745C20EA4C90}.Development|Mixed Platforms.ActiveCfg = Debug|Win32
		{EEFF6F37-B361-41BD-9F7D-745C20EA4C90}.Development|Mixed Platforms.Build.0 = Debug|Win32
		{EEFF6F37-B361-41BD-9F7D-745C20EA4C90}.Development|Win32.ActiveCfg = Debug|Win32
		{EEFF6F37-B361-41BD-9F7D-745C20EA4C90}.Development|Win32.Build.0 = Debug|Win32
		{EEFF6F37-B361-41BD-9F7D-745C20EA4C90}.Development|Win64.ActiveCfg = Debug|x64
		{EEFF6F37-B361-41BD-9F7D-745C20EA4C90}.Development|Win64.Build.0 = Debug|x64
		{EEFF6F37-B361-41BD-9F7D-745C20EA4C90}.Development|x64.ActiveCfg = Debug|x64
		{EEFF6F37-B361-41BD-9F7D-745C20EA4C90}.Development|x64.Build.0 = Debug|x64
		{EEFF6F37-B361-41BD-9F7D-745C20EA4C90}.Release|Mixed Platforms.ActiveCfg = Release|Win32
		{EEFF6F37-B361-41BD-9F7D-745C20EA4C90}.Release|Mixed Platforms.Build.0 = Release|Win32
		{EEFF6F37-B361-41BD-9F7D-745C20EA4C90}.Release|Win32.ActiveCfg = Release|Win32
		{EEFF6F37-B361-41BD-9F7D-745C20EA4C90}.Release|Win32.Build.0 = Release|Win32
		{EEFF6F37-B361-41BD-9F7D-745C20EA4C90}.Release|Win64.ActiveCfg = Release|Win32
		{EEFF6F37-B361-41BD-9F7D-745C20EA4C90}.Release|x64.ActiveCfg = Release|x64
		{EEFF6F37-B361-41BD-9F7D-745C20EA4C90}.Release|x64.Build.0 = Release|x64
		{EEFF6F37-B361-41BD-9F7D-745C20EA4C90}.Shipping|Mixed Platforms.ActiveCfg = Release|Win32
		{EEFF6F37-B361-41BD-9F7D-745C20EA4C90}.Shipping|Mixed Platforms.Build.0 = Release|Win32
		{EEFF6F37-B361-41BD-9F7D-745C20EA4C90}.Shipping|Win32.ActiveCfg = Release|Win32
		{EEFF6F37-B361-41BD-9F7D-745C20EA4C90}.Shipping|Win32.Build.0 = Release|Win32
		{EEFF6F37-B361-41BD-9F7D-745C20EA4C90}.Shipping|Win64.ActiveCfg = Release|Win32
		{EEFF6F37-B361-41BD-9F7D-745C20EA4C90}.Shipping|x64.ActiveCfg = Release|x64
		{EEFF6F37-B361-41BD-9F7D-745C20EA4C90}.Shipping|x64.Build.0 = Release|x64
		{138186A8-91EC-4F94-9475-E753F5CF06B1}.Debug|Mixed Platforms.ActiveCfg = Debug|Win32
		{138186A8-91EC-4F94-9475-E753F5CF06B1}.Debug|Mixed Platforms.Build.0 = Debug|Win32
		{138186A8-91EC-4F94-9475-E753F5CF06B1}.Debug|Win32.ActiveCfg = Debug|Win32
		{138186A8-91EC-4F94-9475-E753F5CF06B1}.Debug|Win32.Build.0 = Debug|Win32
		{138186A8-91EC-4F94-9475-E753F5CF06B1}.Debug|Win64.ActiveCfg = Debug|Win32
		{138186A8-91EC-4F94-9475-E753F5CF06B1}.Debug|x64.ActiveCfg = Debug|x64
		{138186A8-91EC-4F94-9475-E753F5CF06B1}.Debug|x64.Build.0 = Debug|x64
		{138186A8-91EC-4F94-9475-E753F5CF06B1}.DebugGame Editor|Mixed Platforms.ActiveCfg = Debug|Win32
		{138186A8-91EC-4F94-9475-E753F5CF06B1}.DebugGame Editor|Mixed Platforms.Build.0 = Debug|Win32
		{138186A8-91EC-4F94-9475-E753F5CF06B1}.DebugGame Editor|Win32.ActiveCfg = Debug|Win32
		{138186A8-91EC-4F94-9475-E753F5CF06B1}.DebugGame Editor|Win32.Build.0 = Debug|Win32
		{138186A8-91EC-4F94-9475-E753F5CF06B1}.DebugGame Editor|Win64.ActiveCfg = Debug|Win32
		{138186A8-91EC-4F94-9475-E753F5CF06B1}.DebugGame Editor|x64.ActiveCfg = Debug|x64
		{138186A8-91EC-4F94-9475-E753F5CF06B1}.DebugGame Editor|x64.Build.0 = Debug|x64
		{138186A8-91EC-4F94-9475-E753F5CF06B1}.DebugGame|Mixed Platforms.ActiveCfg = Debug|Win32
		{138186A8-91EC-4F94-9475-E753F5CF06B1}.DebugGame|Mixed Platforms.Build.0 = Debug|Win32
		{138186A8-91EC-4F94-9475-E753F5CF06B1}.DebugGame|Win32.ActiveCfg = Debug|Win32
		{138186A8-91EC-4F94-9475-E753F5CF06B1}.DebugGame|Win32.Build.0 = Debug|Win32
		{138186A8-91EC-4F94-9475-E753F5CF06B1}.DebugGame|Win64.ActiveCfg = Debug|Win32
		{138186A8-91EC-4F94-9475-E753F5CF06B1}.DebugGame|x64.ActiveCfg = Debug|x64
		{138186A8-91EC-4F94-9475-E753F5CF06B1}.DebugGame|x64.Build.0 = Debug|x64
		{138186A8-91EC-4F94-9475-E753F5CF06B1}.Development Editor|Mixed Platforms.ActiveCfg = Debug|Win32
		{138186A8-91EC-4F94-9475-E753F5CF06B1}.Development Editor|Mixed Platforms.Build.0 = Debug|Win32
		{138186A8-91EC-4F94-9475-E753F5CF06B1}.Development Editor|Win32.ActiveCfg = Debug|Win32
		{138186A8-91EC-4F94-9475-E753F5CF06B1}.Development Editor|Win32.Build.0 = Debug|Win32
		{138186A8-91EC-4F94-9475-E753F5CF06B1}.Development Editor|Win64.ActiveCfg = Debug|Win32
		{138186A8-91EC-4F94-9475-E753F5CF06B1}.Development Editor|x64.ActiveCfg = Debug|x64
		{138186A8-91EC-4F94-9475-E753F5CF06B1}.Development Editor|x64.Build.0 = Debug|x64
		{138186A8-91EC-4F94-9475-E753F5CF06B1}.Development|Mixed Platforms.ActiveCfg = Debug|Win32
		{138186A8-91EC-4F94-9475-E753F5CF06B1}.Development|Mixed Platforms.Build.0 = Debug|Win32
		{138186A8-91EC-4F94-9475-E753F5CF06B1}.Development|Win32.ActiveCfg = Debug|Win32
		{138186A8-91EC-4F94-9475-E753F5CF06B1}.Development|Win32.Build.0 = Debug|Win32
		{138186A8-91EC-4F94-9475-E753F5CF06B1}.Development|Win64.ActiveCfg = Debug|x64
		{138186A8-91EC-4F94-9475-E753F5CF06B1}.Development|Win64.Build.0 = Debug|x64
		{138186A8-91EC-4F94-9475-E753F5CF06B1}.Development|x64.ActiveCfg = Debug|x64
		{138186A8-91EC-4F94-9475-E753F5CF06B1}.Development|x64.Build.0 = Debug|x64
		{138186A8-91EC-4F94-9475-E753F5CF06B1}.Release|Mixed Platforms.ActiveCfg = Release|Win32
		{138186A8-91EC-4F94-9475-E753F5CF06B1}.Release|Mixed Platforms.Build.0 = Release|Win32
		{138186A8-91EC-4F94-9475-E753F5CF06B1}.Release|Win32.ActiveCfg = Release|Win32
		{138186A8-91EC-4F94-9475-E753F5CF06B1}.Release|Win32.Build.0 = Release|Win32
		{138186A8-91EC-4F94-9475-E753F5CF06B1}.Release|Win64.ActiveCfg = Release|Win32
		{138186A8-91EC-4F94-9475-E753F5CF06B1}.Release|x64.ActiveCfg = Release|x64
		{138186A8-91EC-4F94-9475-E753F5CF06B1}.Release|x64.Build.0 = Release|x64
		{138186A8-91EC-4F94-9475-E753F5CF06B1}.Shipping|Mixed Platforms.ActiveCfg = Release|Win32
		{138186A8-91EC-4F94-9475-E753F5CF06B1}.Shipping|Mixed Platforms.Build.0 = Release|Win32
		{138186A8-91EC-4F94-9475-E753F5CF06B1}.Shipping|Win32.ActiveCfg = Release|Win32
		{138186A8-91EC-4F94-9475-E753F5CF06B1}.Shipping|Win32.Build.0 = Release|Win32
		{138186A8-91EC-4F94-9475-E753F5CF06B1}.Shipping|Win64.ActiveCfg = Release|Win32
		{138186A8-91EC-4F94-9475-E753F5CF06B1}.Shipping|x64.ActiveCfg = Release|x64
		{138186A8-91EC-4F94-9475-E753F5CF06B1}.Shipping|x64.Build.0 = Release|x64
	EndGlobalSection
	GlobalSection(SolutionProperties) = preSolution
		HideSolutionNode = FALSE
	EndGlobalSection
	GlobalSection(NestedProjects) = preSolution
		{460F6D3D-2BBA-4EFA-96DE-89B5F4C4C1C1} = {DE8EE12C-1BB3-4809-839B-D66007258B5C}
		{23E796E6-484A-465E-A924-BB18DA84D44F} = {49597DA4-E900-484F-831C-B13E8360D452}
		{A1400C34-8DD2-4C9C-968D-6C4372722F91} = {D189B2E7-54A8-445D-9C0B-6990D576D945}
		{EEFF6F37-B361-41BD-9F7D-745C20EA4C90} = {D189B2E7-54A8-445D-9C0B-6990D576D945}
		{138186A8-91EC-4F94-9475-E753F5CF06B1} = {D189B2E7-54A8-445D-9C0B-6990D576D945}
	EndGlobalSection
EndGlobal
