
Microsoft Visual Studio Solution File, Format Version 12.00
# Visual Studio 14
VisualStudioVersion = 14.0.23107.0
MinimumVisualStudioVersion = 10.0.40219.1
Project("{2150E333-8FDC-42A3-9474-1A3956D46DE8}") = "Engine", "Engine", "{E3CFB162-A408-4D29-8B53-DC2BF226CDCC}"
EndProject
Project("{2150E333-8FDC-42A3-9474-1A3956D46DE8}") = "Games", "Games", "{3BF9EC2F-94C2-4C37-9B55-7F92725C7318}"
EndProject
Project("{8BC9CEB8-8B4A-11D0-8D11-00A0C91BC942}") = "UE4", "Intermediate\ProjectFiles\UE4.vcxproj", "{89B31AAA-BC1C-4E1F-A466-20963274DE4A}"
EndProject
Project("{8BC9CEB8-8B4A-11D0-8D11-00A0C91BC942}") = "CosmicSafari", "Intermediate\ProjectFiles\CosmicSafari.vcxproj", "{4917ADA7-1E25-4F8F-A17C-EE8DD05D0541}"
EndProject
Global
	GlobalSection(SolutionConfigurationPlatforms) = preSolution
		DebugGame Editor|Win32 = DebugGame Editor|Win32
		DebugGame Editor|Win64 = DebugGame Editor|Win64
		DebugGame|Win32 = DebugGame|Win32
		DebugGame|Win64 = DebugGame|Win64
		Development Editor|Win32 = Development Editor|Win32
		Development Editor|Win64 = Development Editor|Win64
		Development|Win32 = Development|Win32
		Development|Win64 = Development|Win64
		Shipping|Win32 = Shipping|Win32
		Shipping|Win64 = Shipping|Win64
	EndGlobalSection
	GlobalSection(ProjectConfigurationPlatforms) = postSolution
		{89B31AAA-BC1C-4E1F-A466-20963274DE4A}.DebugGame Editor|Win32.ActiveCfg = BuiltWithUnrealBuildTool|Win32
		{89B31AAA-BC1C-4E1F-A466-20963274DE4A}.DebugGame Editor|Win32.Build.0 = BuiltWithUnrealBuildTool|Win32
		{89B31AAA-BC1C-4E1F-A466-20963274DE4A}.DebugGame Editor|Win64.ActiveCfg = BuiltWithUnrealBuildTool|Win32
		{89B31AAA-BC1C-4E1F-A466-20963274DE4A}.DebugGame Editor|Win64.Build.0 = BuiltWithUnrealBuildTool|Win32
		{89B31AAA-BC1C-4E1F-A466-20963274DE4A}.DebugGame|Win32.ActiveCfg = BuiltWithUnrealBuildTool|Win32
		{89B31AAA-BC1C-4E1F-A466-20963274DE4A}.DebugGame|Win32.Build.0 = BuiltWithUnrealBuildTool|Win32
		{89B31AAA-BC1C-4E1F-A466-20963274DE4A}.DebugGame|Win64.ActiveCfg = BuiltWithUnrealBuildTool|Win32
		{89B31AAA-BC1C-4E1F-A466-20963274DE4A}.DebugGame|Win64.Build.0 = BuiltWithUnrealBuildTool|Win32
		{89B31AAA-BC1C-4E1F-A466-20963274DE4A}.Development Editor|Win32.ActiveCfg = BuiltWithUnrealBuildTool|Win32
		{89B31AAA-BC1C-4E1F-A466-20963274DE4A}.Development Editor|Win32.Build.0 = BuiltWithUnrealBuildTool|Win32
		{89B31AAA-BC1C-4E1F-A466-20963274DE4A}.Development Editor|Win64.ActiveCfg = BuiltWithUnrealBuildTool|Win32
		{89B31AAA-BC1C-4E1F-A466-20963274DE4A}.Development Editor|Win64.Build.0 = BuiltWithUnrealBuildTool|Win32
		{89B31AAA-BC1C-4E1F-A466-20963274DE4A}.Development|Win32.ActiveCfg = BuiltWithUnrealBuildTool|Win32
		{89B31AAA-BC1C-4E1F-A466-20963274DE4A}.Development|Win32.Build.0 = BuiltWithUnrealBuildTool|Win32
		{89B31AAA-BC1C-4E1F-A466-20963274DE4A}.Development|Win64.ActiveCfg = BuiltWithUnrealBuildTool|Win32
		{89B31AAA-BC1C-4E1F-A466-20963274DE4A}.Development|Win64.Build.0 = BuiltWithUnrealBuildTool|Win32
		{89B31AAA-BC1C-4E1F-A466-20963274DE4A}.Shipping|Win32.ActiveCfg = BuiltWithUnrealBuildTool|Win32
		{89B31AAA-BC1C-4E1F-A466-20963274DE4A}.Shipping|Win32.Build.0 = BuiltWithUnrealBuildTool|Win32
		{89B31AAA-BC1C-4E1F-A466-20963274DE4A}.Shipping|Win64.ActiveCfg = BuiltWithUnrealBuildTool|Win32
		{89B31AAA-BC1C-4E1F-A466-20963274DE4A}.Shipping|Win64.Build.0 = BuiltWithUnrealBuildTool|Win32
		{4917ADA7-1E25-4F8F-A17C-EE8DD05D0541}.DebugGame Editor|Win32.ActiveCfg = DebugGame_Editor|Win32
		{4917ADA7-1E25-4F8F-A17C-EE8DD05D0541}.DebugGame Editor|Win32.Build.0 = DebugGame_Editor|Win32
		{4917ADA7-1E25-4F8F-A17C-EE8DD05D0541}.DebugGame Editor|Win64.ActiveCfg = DebugGame_Editor|x64
		{4917ADA7-1E25-4F8F-A17C-EE8DD05D0541}.DebugGame Editor|Win64.Build.0 = DebugGame_Editor|x64
		{4917ADA7-1E25-4F8F-A17C-EE8DD05D0541}.DebugGame|Win32.ActiveCfg = DebugGame_Game|Win32
		{4917ADA7-1E25-4F8F-A17C-EE8DD05D0541}.DebugGame|Win32.Build.0 = DebugGame_Game|Win32
		{4917ADA7-1E25-4F8F-A17C-EE8DD05D0541}.DebugGame|Win64.ActiveCfg = DebugGame_Game|x64
		{4917ADA7-1E25-4F8F-A17C-EE8DD05D0541}.DebugGame|Win64.Build.0 = DebugGame_Game|x64
		{4917ADA7-1E25-4F8F-A17C-EE8DD05D0541}.Development Editor|Win32.ActiveCfg = Development_Editor|Win32
		{4917ADA7-1E25-4F8F-A17C-EE8DD05D0541}.Development Editor|Win32.Build.0 = Development_Editor|Win32
		{4917ADA7-1E25-4F8F-A17C-EE8DD05D0541}.Development Editor|Win64.ActiveCfg = Development_Editor|x64
		{4917ADA7-1E25-4F8F-A17C-EE8DD05D0541}.Development Editor|Win64.Build.0 = Development_Editor|x64
		{4917ADA7-1E25-4F8F-A17C-EE8DD05D0541}.Development|Win32.ActiveCfg = Development_Game|Win32
		{4917ADA7-1E25-4F8F-A17C-EE8DD05D0541}.Development|Win32.Build.0 = Development_Game|Win32
		{4917ADA7-1E25-4F8F-A17C-EE8DD05D0541}.Development|Win64.ActiveCfg = Development_Game|x64
		{4917ADA7-1E25-4F8F-A17C-EE8DD05D0541}.Development|Win64.Build.0 = Development_Game|x64
		{4917ADA7-1E25-4F8F-A17C-EE8DD05D0541}.Shipping|Win32.ActiveCfg = Shipping_Game|Win32
		{4917ADA7-1E25-4F8F-A17C-EE8DD05D0541}.Shipping|Win32.Build.0 = Shipping_Game|Win32
		{4917ADA7-1E25-4F8F-A17C-EE8DD05D0541}.Shipping|Win64.ActiveCfg = Shipping_Game|x64
		{4917ADA7-1E25-4F8F-A17C-EE8DD05D0541}.Shipping|Win64.Build.0 = Shipping_Game|x64
	EndGlobalSection
	GlobalSection(SolutionProperties) = preSolution
		HideSolutionNode = FALSE
	EndGlobalSection
	GlobalSection(NestedProjects) = preSolution
		{89B31AAA-BC1C-4E1F-A466-20963274DE4A} = {E3CFB162-A408-4D29-8B53-DC2BF226CDCC}
		{4917ADA7-1E25-4F8F-A17C-EE8DD05D0541} = {3BF9EC2F-94C2-4C37-9B55-7F92725C7318}
	EndGlobalSection
EndGlobal
